
Microsoft Visual Studio Solution File, Format Version 12.00
# Visual Studio Version 16
VisualStudioVersion = 16.0.31624.102
MinimumVisualStudioVersion = 10.0.40219.1
Project("{9A19103F-16F7-4668-BE54-9A1E7A4F7556}") = "Nitride", "Nitride\Nitride.csproj", "{B62A52FA-5FDE-41EF-A108-BA15C479FE0B}"
EndProject
Project("{9A19103F-16F7-4668-BE54-9A1E7A4F7556}") = "Nitride.EE", "Nitride.EE\Nitride.EE.csproj", "{392FCCC7-7ABB-47A3-A926-0A7F13BAF706}"
EndProject
Project("{9A19103F-16F7-4668-BE54-9A1E7A4F7556}") = "Nitride.EE.Visa", "Nitride.EE.Visa\Nitride.EE.Visa.csproj", "{8EA1466A-B04D-487E-8765-D38C282BA2BC}"
EndProject
Project("{9A19103F-16F7-4668-BE54-9A1E7A4F7556}") = "Nitride.EE.VirtualBench", "Nitride.EE.VirtualBench\Nitride.EE.VirtualBench.csproj", "{D20BFD03-06E2-45E1-9B38-7D2F4E1D4FDD}"
EndProject
Global
	GlobalSection(SolutionConfigurationPlatforms) = preSolution
		Debug|x64 = Debug|x64
		Release|x64 = Release|x64
	EndGlobalSection
	GlobalSection(ProjectConfigurationPlatforms) = postSolution
		{B62A52FA-5FDE-41EF-A108-BA15C479FE0B}.Debug|x64.ActiveCfg = Debug|x64
		{B62A52FA-5FDE-41EF-A108-BA15C479FE0B}.Debug|x64.Build.0 = Debug|x64
		{B62A52FA-5FDE-41EF-A108-BA15C479FE0B}.Release|x64.ActiveCfg = Release|x64
		{B62A52FA-5FDE-41EF-A108-BA15C479FE0B}.Release|x64.Build.0 = Release|x64
		{392FCCC7-7ABB-47A3-A926-0A7F13BAF706}.Debug|x64.ActiveCfg = Debug|x64
		{392FCCC7-7ABB-47A3-A926-0A7F13BAF706}.Debug|x64.Build.0 = Debug|x64
		{392FCCC7-7ABB-47A3-A926-0A7F13BAF706}.Release|x64.ActiveCfg = Release|x64
		{392FCCC7-7ABB-47A3-A926-0A7F13BAF706}.Release|x64.Build.0 = Release|x64
		{8EA1466A-B04D-487E-8765-D38C282BA2BC}.Debug|x64.ActiveCfg = Debug|x64
		{8EA1466A-B04D-487E-8765-D38C282BA2BC}.Debug|x64.Build.0 = Debug|x64
		{8EA1466A-B04D-487E-8765-D38C282BA2BC}.Release|x64.ActiveCfg = Release|x64
		{8EA1466A-B04D-487E-8765-D38C282BA2BC}.Release|x64.Build.0 = Release|x64
		{D20BFD03-06E2-45E1-9B38-7D2F4E1D4FDD}.Debug|x64.ActiveCfg = Debug|x64
		{D20BFD03-06E2-45E1-9B38-7D2F4E1D4FDD}.Debug|x64.Build.0 = Debug|x64
		{D20BFD03-06E2-45E1-9B38-7D2F4E1D4FDD}.Release|x64.ActiveCfg = Release|x64
		{D20BFD03-06E2-45E1-9B38-7D2F4E1D4FDD}.Release|x64.Build.0 = Release|x64
	EndGlobalSection
	GlobalSection(SolutionProperties) = preSolution
		HideSolutionNode = FALSE
	EndGlobalSection
	GlobalSection(ExtensibilityGlobals) = postSolution
		SolutionGuid = {6A573334-8F52-4634-8325-64B186F09003}
	EndGlobalSection
EndGlobal
